{
  "name": "neuroglancer-rsbuild-project-built",
  "version": "0.0.0",
  "lockfileVersion": 3,
  "requires": true,
  "packages": {
    "": {
      "name": "neuroglancer-rsbuild-project-built",
      "version": "0.0.0",
      "license": "Apache-2.0",
      "dependencies": {
        "neuroglancer": "file:../../../dist/package"
      },
      "devDependencies": {
        "@rsbuild/core": "^1.1.9"
      }
    },
    "../../../dist/package": {
      "name": "neuroglancer",
      "version": "2.40.1",
      "license": "Apache-2.0",
      "dependencies": {
        "codemirror": "^5.61.1",
        "core-js": "^3.39.0",
        "gl-matrix": "3.1.0",
        "ikonate": "github:mikolajdobrucki/ikonate#a86b4107c6ec717e7877f880a930d1ccf0b59d89",
        "lodash-es": "^4.17.21",
        "nifti-reader-js": "^0.6.8",
        "numcodecs": "^0.3.2"
      },
      "engines": {
        "node": ">=20.11 <21 || >=21.2"
      }
    },
    "node_modules/@module-federation/runtime": {
      "version": "0.5.1",
      "resolved": "https://registry.npmjs.org/@module-federation/runtime/-/runtime-0.5.1.tgz",
      "integrity": "sha512-xgiMUWwGLWDrvZc9JibuEbXIbhXg6z2oUkemogSvQ4LKvrl/n0kbqP1Blk669mXzyWbqtSp6PpvNdwaE1aN5xQ==",
      "dev": true,
      "dependencies": {
        "@module-federation/sdk": "0.5.1"
      }
    },
    "node_modules/@module-federation/runtime-tools": {
      "version": "0.5.1",
      "resolved": "https://registry.npmjs.org/@module-federation/runtime-tools/-/runtime-tools-0.5.1.tgz",
      "integrity": "sha512-nfBedkoZ3/SWyO0hnmaxuz0R0iGPSikHZOAZ0N/dVSQaIzlffUo35B5nlC2wgWIc0JdMZfkwkjZRrnuuDIJbzg==",
      "dev": true,
      "dependencies": {
        "@module-federation/runtime": "0.5.1",
        "@module-federation/webpack-bundler-runtime": "0.5.1"
      }
    },
    "node_modules/@module-federation/sdk": {
      "version": "0.5.1",
      "resolved": "https://registry.npmjs.org/@module-federation/sdk/-/sdk-0.5.1.tgz",
      "integrity": "sha512-exvchtjNURJJkpqjQ3/opdbfeT2wPKvrbnGnyRkrwW5o3FH1LaST1tkiNviT6OXTexGaVc2DahbdniQHVtQ7pA==",
      "dev": true
    },
    "node_modules/@module-federation/webpack-bundler-runtime": {
      "version": "0.5.1",
      "resolved": "https://registry.npmjs.org/@module-federation/webpack-bundler-runtime/-/webpack-bundler-runtime-0.5.1.tgz",
      "integrity": "sha512-mMhRFH0k2VjwHt3Jol9JkUsmI/4XlrAoBG3E0o7HoyoPYv1UFOWyqAflfANcUPgbYpvqmyLzDcO+3IT36LXnrA==",
      "dev": true,
      "dependencies": {
        "@module-federation/runtime": "0.5.1",
        "@module-federation/sdk": "0.5.1"
      }
    },
    "node_modules/@rsbuild/core": {
      "version": "1.1.9",
      "resolved": "https://registry.npmjs.org/@rsbuild/core/-/core-1.1.9.tgz",
      "integrity": "sha512-mHZveEwlTtW9nxWa+T0xUm6ssm+HkDYZ0NENLfWMUmsL0LjMJrpQzRlbD+p5+9Uf+KXUo3Dbtv0ScA+p7cuGTg==",
      "dev": true,
      "dependencies": {
        "@rspack/core": "~1.1.5",
        "@rspack/lite-tapable": "~1.0.1",
        "@swc/helpers": "^0.5.15",
        "core-js": "~3.39.0"
      },
      "bin": {
        "rsbuild": "bin/rsbuild.js"
      },
      "engines": {
        "node": ">=16.7.0"
      }
    },
    "node_modules/@rspack/binding": {
      "version": "1.1.6",
      "resolved": "https://registry.npmjs.org/@rspack/binding/-/binding-1.1.6.tgz",
      "integrity": "sha512-vfeBEgGOYVwqj5cQjGyvdfrr/BEihAHlyIsobL98FZjTF0uig+bj2yJUH5Ib5F0BpIUKVG3Pw0IjlUBqcVpZsQ==",
      "dev": true,
      "optionalDependencies": {
        "@rspack/binding-darwin-arm64": "1.1.6",
        "@rspack/binding-darwin-x64": "1.1.6",
        "@rspack/binding-linux-arm64-gnu": "1.1.6",
        "@rspack/binding-linux-arm64-musl": "1.1.6",
        "@rspack/binding-linux-x64-gnu": "1.1.6",
        "@rspack/binding-linux-x64-musl": "1.1.6",
        "@rspack/binding-win32-arm64-msvc": "1.1.6",
        "@rspack/binding-win32-ia32-msvc": "1.1.6",
        "@rspack/binding-win32-x64-msvc": "1.1.6"
      }
    },
    "node_modules/@rspack/binding-darwin-arm64": {
      "version": "1.1.6",
      "resolved": "https://registry.npmjs.org/@rspack/binding-darwin-arm64/-/binding-darwin-arm64-1.1.6.tgz",
      "integrity": "sha512-x9dxm2yyiMuL1FBwvWNNMs2/mEUJmRoSRgYb8pblR7HDaTRORrjBFCqhaYlGyAqtQaeUy7o2VAQlE0BavIiFYA==",
      "cpu": [
        "arm64"
      ],
      "dev": true,
      "optional": true,
      "os": [
        "darwin"
      ]
    },
    "node_modules/@rspack/binding-darwin-x64": {
      "version": "1.1.6",
      "resolved": "https://registry.npmjs.org/@rspack/binding-darwin-x64/-/binding-darwin-x64-1.1.6.tgz",
      "integrity": "sha512-o0seilveftGiDjy3VPxug20HmAgYyQbNEuagR3i93/t/PT/eWXHnik+C1jjwqcivZL1Zllqvy4tbZw393aROEQ==",
      "cpu": [
        "x64"
      ],
      "dev": true,
      "optional": true,
      "os": [
        "darwin"
      ]
    },
    "node_modules/@rspack/binding-linux-arm64-gnu": {
      "version": "1.1.6",
      "resolved": "https://registry.npmjs.org/@rspack/binding-linux-arm64-gnu/-/binding-linux-arm64-gnu-1.1.6.tgz",
      "integrity": "sha512-4atnoknJx/c3KaQElsMIxHMpPf2jcRRdWsH/SdqJIRSrkWWakMK9Yv4TFwH680I4HDTMf1XLboMVScHzW8e+Mg==",
      "cpu": [
        "arm64"
      ],
      "dev": true,
      "optional": true,
      "os": [
        "linux"
      ]
    },
    "node_modules/@rspack/binding-linux-arm64-musl": {
      "version": "1.1.6",
      "resolved": "https://registry.npmjs.org/@rspack/binding-linux-arm64-musl/-/binding-linux-arm64-musl-1.1.6.tgz",
      "integrity": "sha512-7QMtwUtgFpt3/Y3/X18fSyN+kk4H8ZnZ8tDzQskVWc/j2AQYShZq56XQYqrhClzwujcCVAHauIQ2eiuJ2ASGag==",
      "cpu": [
        "arm64"
      ],
      "dev": true,
      "optional": true,
      "os": [
        "linux"
      ]
    },
    "node_modules/@rspack/binding-linux-x64-gnu": {
      "version": "1.1.6",
      "resolved": "https://registry.npmjs.org/@rspack/binding-linux-x64-gnu/-/binding-linux-x64-gnu-1.1.6.tgz",
      "integrity": "sha512-MTjDEfPn4TwHoqs5d5Fck06kmXiTHZctGIcRVfrpg0RK0r1NLEHN+oosavRZ9c9H70f34+NmcHk+/qvV4c8lWg==",
      "cpu": [
        "x64"
      ],
      "dev": true,
      "optional": true,
      "os": [
        "linux"
      ]
    },
    "node_modules/@rspack/binding-linux-x64-musl": {
      "version": "1.1.6",
      "resolved": "https://registry.npmjs.org/@rspack/binding-linux-x64-musl/-/binding-linux-x64-musl-1.1.6.tgz",
      "integrity": "sha512-LqDw7PTVr/4ZuGA0izgDQfamfr72USFHltR1Qhy2YVC3JmDmhG/pQi13LHcOLVaGH1xoeyCmEPNJpVizzDxSjg==",
      "cpu": [
        "x64"
      ],
      "dev": true,
      "optional": true,
      "os": [
        "linux"
      ]
    },
    "node_modules/@rspack/binding-win32-arm64-msvc": {
      "version": "1.1.6",
      "resolved": "https://registry.npmjs.org/@rspack/binding-win32-arm64-msvc/-/binding-win32-arm64-msvc-1.1.6.tgz",
      "integrity": "sha512-RHApLM93YN0WdHpS35u2cm7VCqZ8Yg3CrNRL16VJtyT9e6MBqeScoe4XIgIWKPm7edFyedYAjLX0wQOApwfjkg==",
      "cpu": [
        "arm64"
      ],
      "dev": true,
      "optional": true,
      "os": [
        "win32"
      ]
    },
    "node_modules/@rspack/binding-win32-ia32-msvc": {
      "version": "1.1.6",
      "resolved": "https://registry.npmjs.org/@rspack/binding-win32-ia32-msvc/-/binding-win32-ia32-msvc-1.1.6.tgz",
      "integrity": "sha512-Y6lx4q0eJawRfMPBo/AclTJAPTZ325DSPFBQJB3TnWh9Z2X7P7pQcYc8PHDmfDuYRIdg5WRsQRvVxihSvF7v8w==",
      "cpu": [
        "ia32"
      ],
      "dev": true,
      "optional": true,
      "os": [
        "win32"
      ]
    },
    "node_modules/@rspack/binding-win32-x64-msvc": {
      "version": "1.1.6",
      "resolved": "https://registry.npmjs.org/@rspack/binding-win32-x64-msvc/-/binding-win32-x64-msvc-1.1.6.tgz",
      "integrity": "sha512-UuCsfhC/yNuU7xLASOxNXcmsXi2ZvBX14GkxvcdChw6q7IIGNYUKXo1zgR8C1PE/6qDSxmLxbRMS+71d0H3HQg==",
      "cpu": [
        "x64"
      ],
      "dev": true,
      "optional": true,
      "os": [
        "win32"
      ]
    },
    "node_modules/@rspack/core": {
      "version": "1.1.6",
      "resolved": "https://registry.npmjs.org/@rspack/core/-/core-1.1.6.tgz",
      "integrity": "sha512-q0VLphOF5VW2FEG7Vbdq3Ke4I74FbELE/8xmKghSalFtULLZ44SoSz8lyotfMim9GXIRFhDokAaH8WICmPxG+g==",
      "dev": true,
      "dependencies": {
        "@module-federation/runtime-tools": "0.5.1",
        "@rspack/binding": "1.1.6",
        "@rspack/lite-tapable": "1.0.1",
        "caniuse-lite": "^1.0.30001616"
      },
      "engines": {
        "node": ">=16.0.0"
      },
      "peerDependencies": {
        "@swc/helpers": ">=0.5.1"
      },
      "peerDependenciesMeta": {
        "@swc/helpers": {
          "optional": true
        }
      }
    },
    "node_modules/@rspack/lite-tapable": {
      "version": "1.0.1",
      "resolved": "https://registry.npmjs.org/@rspack/lite-tapable/-/lite-tapable-1.0.1.tgz",
      "integrity": "sha512-VynGOEsVw2s8TAlLf/uESfrgfrq2+rcXB1muPJYBWbsm1Oa6r5qVQhjA5ggM6z/coYPrsVMgovl3Ff7Q7OCp1w==",
      "dev": true,
      "engines": {
        "node": ">=16.0.0"
      }
    },
    "node_modules/@swc/helpers": {
      "version": "0.5.15",
      "resolved": "https://registry.npmjs.org/@swc/helpers/-/helpers-0.5.15.tgz",
      "integrity": "sha512-JQ5TuMi45Owi4/BIMAJBoSQoOJu12oOk/gADqlcUL9JEdHB8vyjUSsxqeNXnmXHjYKMi2WcYtezGEEhqUI/E2g==",
      "dev": true,
      "dependencies": {
        "tslib": "^2.8.0"
      }
    },
    "node_modules/caniuse-lite": {
      "version": "1.0.30001687",
      "resolved": "https://registry.npmjs.org/caniuse-lite/-/caniuse-lite-1.0.30001687.tgz",
      "integrity": "sha512-0S/FDhf4ZiqrTUiQ39dKeUjYRjkv7lOZU1Dgif2rIqrTzX/1wV2hfKu9TOm1IHkdSijfLswxTFzl/cvir+SLSQ==",
      "dev": true,
      "funding": [
        {
          "type": "opencollective",
          "url": "https://opencollective.com/browserslist"
        },
        {
          "type": "tidelift",
          "url": "https://tidelift.com/funding/github/npm/caniuse-lite"
        },
        {
          "type": "github",
          "url": "https://github.com/sponsors/ai"
        }
      ]
    },
    "node_modules/core-js": {
      "version": "3.39.0",
      "resolved": "https://registry.npmjs.org/core-js/-/core-js-3.39.0.tgz",
      "integrity": "sha512-raM0ew0/jJUqkJ0E6e8UDtl+y/7ktFivgWvqw8dNSQeNWoSDLvQ1H/RN3aPXB9tBd4/FhyR4RDPGhsNIMsAn7g==",
      "dev": true,
      "hasInstallScript": true,
      "funding": {
        "type": "opencollective",
        "url": "https://opencollective.com/core-js"
      }
    },
    "node_modules/neuroglancer": {
      "resolved": "../../../dist/package",
      "link": true
    },
    "node_modules/tslib": {
      "version": "2.8.1",
      "resolved": "https://registry.npmjs.org/tslib/-/tslib-2.8.1.tgz",
      "integrity": "sha512-oJFu94HQb+KVduSUQL7wnpmqnfmLsOA/nAh6b6EH0wCEoK0/mPeXU6c3wKDV83MkOuHPRHtSXKKU99IBazS/2w==",
      "dev": true
    }
  }
}
