# This file is automatically @generated by Cargo.
# It is not intended for manual editing.
version = 3

[[package]]
name = "alloc-no-stdlib"
version = "2.0.4"
source = "registry+https://github.com/rust-lang/crates.io-index"
checksum = "cc7bb162ec39d46ab1ca8c77bf72e890535becd1751bb45f64c597edb4c8c6b3"

[[package]]
name = "alloc-stdlib"
version = "0.2.2"
source = "registry+https://github.com/rust-lang/crates.io-index"
checksum = "94fb8275041c72129eb51b7d0322c29b8387a0386127718b096429201a5d6ece"
dependencies = [
 "alloc-no-stdlib",
]

[[package]]
name = "brotli-decompressor"
version = "4.0.3"
source = "registry+https://github.com/rust-lang/crates.io-index"
checksum = "a334ef7c9e23abf0ce748e8cd309037da93e606ad52eb372e4ce327a0dcfbdfd"
dependencies = [
 "alloc-no-stdlib",
 "alloc-stdlib",
]

[[package]]
name = "bytemuck"
version = "1.23.2"
source = "registry+https://github.com/rust-lang/crates.io-index"
checksum = "3995eaeebcdf32f91f980d360f78732ddc061097ab4e39991ae7a6ace9194677"

[[package]]
name = "jxl-bitstream"
version = "0.6.0"
source = "registry+https://github.com/rust-lang/crates.io-index"
checksum = "f4587c2166a289ef21075fbf58e19d898f23833bd4d78691db36cdf0eee7f6cf"
dependencies = [
 "tracing",
]

[[package]]
name = "jxl-coding"
version = "0.6.0"
source = "registry+https://github.com/rust-lang/crates.io-index"
checksum = "2e8cf24db1cec3d7e703df9f5ef3f3b49650607432792ca988b66dd17bb640b2"
dependencies = [
 "jxl-bitstream",
 "tracing",
]

[[package]]
name = "jxl-color"
version = "0.10.2"
source = "registry+https://github.com/rust-lang/crates.io-index"
checksum = "2d93855433a33d6d06ba412e09438631d2fe4828c119dd1f4c6ba9e0c3d5988c"
dependencies = [
 "jxl-bitstream",
 "jxl-coding",
 "jxl-grid",
 "jxl-oxide-common",
 "jxl-threadpool",
 "tracing",
]

[[package]]
name = "jxl-frame"
version = "0.12.1"
source = "registry+https://github.com/rust-lang/crates.io-index"
checksum = "e53d24902e27ca7af5424a80955f88d82b9d7dae88f12169a2584470bbbfe75c"
dependencies = [
 "jxl-bitstream",
 "jxl-coding",
 "jxl-grid",
 "jxl-image",
 "jxl-modular",
 "jxl-oxide-common",
 "jxl-threadpool",
 "jxl-vardct",
 "tracing",
]

[[package]]
name = "jxl-grid"
version = "0.5.3"
source = "registry+https://github.com/rust-lang/crates.io-index"
checksum = "5739f02add3d5c00320140bec6f5a80fac4baa630f88fe4c6a55a0d719718ce3"
dependencies = [
 "tracing",
]

[[package]]
name = "jxl-image"
version = "0.12.0"
source = "registry+https://github.com/rust-lang/crates.io-index"
checksum = "5199f6bce2f64494b91c510dfdeb8035bb405f6347837b6293e9eeb9d93f246b"
dependencies = [
 "jxl-bitstream",
 "jxl-color",
 "jxl-grid",
 "jxl-oxide-common",
 "tracing",
]

[[package]]
name = "jxl-jbr"
version = "0.1.1"
source = "registry+https://github.com/rust-lang/crates.io-index"
checksum = "56cbdbec115aa2f0b22ca3719dec2902b4c75da904cda7a2cdfc21df21b44f24"
dependencies = [
 "brotli-decompressor",
 "jxl-bitstream",
 "jxl-frame",
 "jxl-grid",
 "jxl-image",
 "jxl-modular",
 "jxl-oxide-common",
 "jxl-threadpool",
 "jxl-vardct",
 "tracing",
]

[[package]]
name = "jxl-modular"
version = "0.10.0"
source = "registry+https://github.com/rust-lang/crates.io-index"
checksum = "9d4852fe37dee35f67b2e3912c3eecb7d053379aac0801b5cc489d58ea253af1"
dependencies = [
 "jxl-bitstream",
 "jxl-coding",
 "jxl-grid",
 "jxl-oxide-common",
 "jxl-threadpool",
 "tracing",
]

[[package]]
name = "jxl-oxide"
version = "0.11.4"
source = "registry+https://github.com/rust-lang/crates.io-index"
checksum = "91c7a16be632403a5653bae89734e119cc2098ba16b269917cbf9481e05e3166"
dependencies = [
 "brotli-decompressor",
 "jxl-bitstream",
 "jxl-color",
 "jxl-frame",
 "jxl-grid",
 "jxl-image",
 "jxl-jbr",
 "jxl-oxide-common",
 "jxl-render",
 "jxl-threadpool",
 "tracing",
]

[[package]]
name = "jxl-oxide-common"
version = "0.2.0"
source = "registry+https://github.com/rust-lang/crates.io-index"
checksum = "8ccfd9c5f3807b9dbd0797788a577171bd78f5169a36f4bc3c7bbceaf3991507"
dependencies = [
 "jxl-bitstream",
]

[[package]]
name = "jxl-render"
version = "0.11.3"
source = "registry+https://github.com/rust-lang/crates.io-index"
checksum = "9009fe6db8604352b60dc53f5cb37f765196e498238b040d42b16288417328fa"
dependencies = [
 "bytemuck",
 "jxl-bitstream",
 "jxl-coding",
 "jxl-color",
 "jxl-frame",
 "jxl-grid",
 "jxl-image",
 "jxl-modular",
 "jxl-oxide-common",
 "jxl-threadpool",
 "jxl-vardct",
 "tracing",
]

[[package]]
name = "jxl-threadpool"
version = "0.1.2"
source = "registry+https://github.com/rust-lang/crates.io-index"
checksum = "ad9c78eaf899cce165e266300f9963d8d376d4ed95cf4d12dd7066f05542cd88"
dependencies = [
 "tracing",
]

[[package]]
name = "jxl-vardct"
version = "0.10.1"
source = "registry+https://github.com/rust-lang/crates.io-index"
checksum = "0c98211ffd56bbcbbdd501f396855123d21008304786b8b11d959a5620e86eb1"
dependencies = [
 "jxl-bitstream",
 "jxl-coding",
 "jxl-grid",
 "jxl-modular",
 "jxl-oxide-common",
 "jxl-threadpool",
 "tracing",
]

[[package]]
name = "jxl-wasm"
version = "1.0.0"
dependencies = [
 "jxl-oxide",
]

[[package]]
name = "once_cell"
version = "1.20.2"
source = "registry+https://github.com/rust-lang/crates.io-index"
checksum = "1261fe7e33c73b354eab43b1273a57c8f967d0391e80353e51f764ac02cf6775"

[[package]]
name = "pin-project-lite"
version = "0.2.15"
source = "registry+https://github.com/rust-lang/crates.io-index"
checksum = "915a1e146535de9163f3987b8944ed8cf49a18bb0056bcebcdcece385cece4ff"

[[package]]
name = "tracing"
version = "0.1.40"
source = "registry+https://github.com/rust-lang/crates.io-index"
checksum = "c3523ab5a71916ccf420eebdf5521fcef02141234bbc0b8a49f2fdc4544364ef"
dependencies = [
 "pin-project-lite",
 "tracing-core",
]

[[package]]
name = "tracing-core"
version = "0.1.33"
source = "registry+https://github.com/rust-lang/crates.io-index"
checksum = "e672c95779cf947c5311f83787af4fa8fffd12fb27e4993211a84bdfd9610f9c"
dependencies = [
 "once_cell",
]
