# This file is automatically @generated by Cargo.
# It is not intended for manual editing.
version = 4

[[package]]
name = "alloc-no-stdlib"
version = "2.0.4"
source = "registry+https://github.com/rust-lang/crates.io-index"
checksum = "cc7bb162ec39d46ab1ca8c77bf72e890535becd1751bb45f64c597edb4c8c6b3"

[[package]]
name = "alloc-stdlib"
version = "0.2.2"
source = "registry+https://github.com/rust-lang/crates.io-index"
checksum = "94fb8275041c72129eb51b7d0322c29b8387a0386127718b096429201a5d6ece"
dependencies = [
 "alloc-no-stdlib",
]

[[package]]
name = "brotli-decompressor"
version = "5.0.3"
source = "registry+https://github.com/rust-lang/crates.io-index"
checksum = "3a32acac15fe1967bc3986b2a6347dffc965602354ea6f450ad07e8bfd253583"
dependencies = [
 "alloc-no-stdlib",
 "alloc-stdlib",
]

[[package]]
name = "bytemuck"
version = "1.23.2"
source = "registry+https://github.com/rust-lang/crates.io-index"
checksum = "3995eaeebcdf32f91f980d360f78732ddc061097ab4e39991ae7a6ace9194677"

[[package]]
name = "jxl-bitstream"
version = "1.1.0"
source = "registry+https://github.com/rust-lang/crates.io-index"
checksum = "b480e752277e29eb4054f69546887a9b84656fe78c08f54ba5850ced98a378fe"
dependencies = [
 "tracing",
]

[[package]]
name = "jxl-coding"
version = "1.0.1"
source = "registry+https://github.com/rust-lang/crates.io-index"
checksum = "cd972bcd125e776f1eb241ac50e39f956095a1c2770c64736c968f8946bd9a3c"
dependencies = [
 "jxl-bitstream",
 "tracing",
]

[[package]]
name = "jxl-color"
version = "0.11.0"
source = "registry+https://github.com/rust-lang/crates.io-index"
checksum = "f316b1358c1711755b3ee8e8cb5c4a1dad12e796233088a7a513440782de80b2"
dependencies = [
 "jxl-bitstream",
 "jxl-coding",
 "jxl-grid",
 "jxl-image",
 "jxl-oxide-common",
 "jxl-threadpool",
 "tracing",
]

[[package]]
name = "jxl-frame"
version = "0.13.3"
source = "registry+https://github.com/rust-lang/crates.io-index"
checksum = "2d967c6fd669c7c01060b5022d8835fa82fd46b06ffc98b549f17600a097c2b3"
dependencies = [
 "jxl-bitstream",
 "jxl-coding",
 "jxl-grid",
 "jxl-image",
 "jxl-modular",
 "jxl-oxide-common",
 "jxl-threadpool",
 "jxl-vardct",
 "tracing",
]

[[package]]
name = "jxl-grid"
version = "0.6.2"
source = "registry+https://github.com/rust-lang/crates.io-index"
checksum = "01671307879a033bfa52e6e8784b941aca770b3f3a7d33830b455b6844f793fb"
dependencies = [
 "tracing",
]

[[package]]
name = "jxl-image"
version = "0.13.0"
source = "registry+https://github.com/rust-lang/crates.io-index"
checksum = "c5f752d62577c702a94dbbce4045caf08cb58639e8a4d56464b40ecf33ffe565"
dependencies = [
 "jxl-bitstream",
 "jxl-grid",
 "jxl-oxide-common",
 "tracing",
]

[[package]]
name = "jxl-jbr"
version = "0.2.1"
source = "registry+https://github.com/rust-lang/crates.io-index"
checksum = "e35d032bcec660647828527ff42c6f5776d2fd44b8357f9f6d9ac6dc07218e46"
dependencies = [
 "brotli-decompressor",
 "jxl-bitstream",
 "jxl-frame",
 "jxl-grid",
 "jxl-image",
 "jxl-modular",
 "jxl-oxide-common",
 "jxl-threadpool",
 "jxl-vardct",
 "tracing",
]

[[package]]
name = "jxl-modular"
version = "0.11.3"
source = "registry+https://github.com/rust-lang/crates.io-index"
checksum = "2a2f045b24c738dd91d482be385512b512721ae08a671bd4b27bf1c47f215235"
dependencies = [
 "jxl-bitstream",
 "jxl-coding",
 "jxl-grid",
 "jxl-oxide-common",
 "jxl-threadpool",
 "tracing",
]

[[package]]
name = "jxl-oxide"
version = "0.12.6"
source = "registry+https://github.com/rust-lang/crates.io-index"
checksum = "d36c662923f47586880211f3bc7c0d83fb3a9b410d278c7bde93450748abeef3"
dependencies = [
 "brotli-decompressor",
 "jxl-bitstream",
 "jxl-color",
 "jxl-frame",
 "jxl-grid",
 "jxl-image",
 "jxl-jbr",
 "jxl-oxide-common",
 "jxl-render",
 "jxl-threadpool",
 "tracing",
]

[[package]]
name = "jxl-oxide-common"
version = "1.0.0"
source = "registry+https://github.com/rust-lang/crates.io-index"
checksum = "b62394c5021b3a9e7e0dbb2d639d555d019090c9946c39f6d3b09d390db4157b"
dependencies = [
 "jxl-bitstream",
]

[[package]]
name = "jxl-render"
version = "0.12.4"
source = "registry+https://github.com/rust-lang/crates.io-index"
checksum = "d34386bfdb6a19b5a30cc9beb4d475d537422c31ae8c39bb69640fcce3fcaf19"
dependencies = [
 "bytemuck",
 "jxl-bitstream",
 "jxl-coding",
 "jxl-color",
 "jxl-frame",
 "jxl-grid",
 "jxl-image",
 "jxl-modular",
 "jxl-oxide-common",
 "jxl-threadpool",
 "jxl-vardct",
 "tracing",
]

[[package]]
name = "jxl-threadpool"
version = "1.0.0"
source = "registry+https://github.com/rust-lang/crates.io-index"
checksum = "25f15eb830aa77a7f21148d72e153562a26bfe570139bd4922eab1908dd499d3"
dependencies = [
 "tracing",
]

[[package]]
name = "jxl-vardct"
version = "0.11.1"
source = "registry+https://github.com/rust-lang/crates.io-index"
checksum = "ce72a18c6d3a47172ab6c479be2bdb56f22066b5d7092663f03b4490820b4511"
dependencies = [
 "jxl-bitstream",
 "jxl-coding",
 "jxl-grid",
 "jxl-modular",
 "jxl-oxide-common",
 "jxl-threadpool",
 "tracing",
]

[[package]]
name = "jxl-wasm"
version = "1.0.0"
dependencies = [
 "jxl-oxide",
]

[[package]]
name = "once_cell"
version = "1.20.2"
source = "registry+https://github.com/rust-lang/crates.io-index"
checksum = "1261fe7e33c73b354eab43b1273a57c8f967d0391e80353e51f764ac02cf6775"

[[package]]
name = "pin-project-lite"
version = "0.2.15"
source = "registry+https://github.com/rust-lang/crates.io-index"
checksum = "915a1e146535de9163f3987b8944ed8cf49a18bb0056bcebcdcece385cece4ff"

[[package]]
name = "tracing"
version = "0.1.40"
source = "registry+https://github.com/rust-lang/crates.io-index"
checksum = "c3523ab5a71916ccf420eebdf5521fcef02141234bbc0b8a49f2fdc4544364ef"
dependencies = [
 "pin-project-lite",
 "tracing-core",
]

[[package]]
name = "tracing-core"
version = "0.1.33"
source = "registry+https://github.com/rust-lang/crates.io-index"
checksum = "e672c95779cf947c5311f83787af4fa8fffd12fb27e4993211a84bdfd9610f9c"
dependencies = [
 "once_cell",
]
