# This file is automatically @generated by Cargo.
# It is not intended for manual editing.
version = 3

[[package]]
name = "crossbeam-deque"
version = "0.8.5"
source = "registry+https://github.com/rust-lang/crates.io-index"
checksum = "613f8cc01fe9cf1a3eb3d7f488fd2fa8388403e97039e2f73692932e291a770d"
dependencies = [
 "crossbeam-epoch",
 "crossbeam-utils",
]

[[package]]
name = "crossbeam-epoch"
version = "0.9.18"
source = "registry+https://github.com/rust-lang/crates.io-index"
checksum = "5b82ac4a3c2ca9c3460964f020e1402edd5753411d7737aa39c3714ad1b5420e"
dependencies = [
 "crossbeam-utils",
]

[[package]]
name = "crossbeam-utils"
version = "0.8.20"
source = "registry+https://github.com/rust-lang/crates.io-index"
checksum = "22ec99545bb0ed0ea7bb9b8e1e9122ea386ff8a48c0922e43f36d45ab09e0e80"

[[package]]
name = "either"
version = "1.13.0"
source = "registry+https://github.com/rust-lang/crates.io-index"
checksum = "60b1af1c220855b6ceac025d3f6ecdd2b7c4894bfe9cd9bda4fbb4bc7c0d4cf0"

[[package]]
name = "jxl-bitstream"
version = "0.4.1"
source = "registry+https://github.com/rust-lang/crates.io-index"
checksum = "5855ff16398ffbcf81fee52c41ca65326499c8764b21bb9952c367ace98995fb"
dependencies = [
 "tracing",
]

[[package]]
name = "jxl-coding"
version = "0.4.1"
source = "registry+https://github.com/rust-lang/crates.io-index"
checksum = "da5b5093904e940bc11ef50e872c7bdf7b6e88653f012b925f8479daf212b5c9"
dependencies = [
 "jxl-bitstream",
 "tracing",
]

[[package]]
name = "jxl-color"
version = "0.8.1"
source = "registry+https://github.com/rust-lang/crates.io-index"
checksum = "c8ec11695f2091e50531c970ad7eb4819989a20a2c89d68ae1b4f74f48454c10"
dependencies = [
 "jxl-bitstream",
 "jxl-coding",
 "jxl-grid",
 "jxl-threadpool",
 "tracing",
]

[[package]]
name = "jxl-frame"
version = "0.10.0"
source = "registry+https://github.com/rust-lang/crates.io-index"
checksum = "4719f285ebfff5e64f352d0ef149a5244aef4f8e6b5aa666ba6241e90b50632f"
dependencies = [
 "jxl-bitstream",
 "jxl-coding",
 "jxl-grid",
 "jxl-image",
 "jxl-modular",
 "jxl-threadpool",
 "jxl-vardct",
 "tracing",
]

[[package]]
name = "jxl-grid"
version = "0.5.1"
source = "registry+https://github.com/rust-lang/crates.io-index"
checksum = "13a28ba2734da33624db4b426b44750a7b1238e6cba65d27b7d84bf3cba7f507"
dependencies = [
 "tracing",
]

[[package]]
name = "jxl-image"
version = "0.10.0"
source = "registry+https://github.com/rust-lang/crates.io-index"
checksum = "e3824c81613c05c19a9e4329d569145d3f460c0fcadb3965bd8418162d43f7f4"
dependencies = [
 "jxl-bitstream",
 "jxl-color",
 "jxl-grid",
 "tracing",
]

[[package]]
name = "jxl-modular"
version = "0.8.1"
source = "registry+https://github.com/rust-lang/crates.io-index"
checksum = "d7e10bbc6041d9ea64bcfc6931ed89f0192954ac0a02bdbad624aa43b345e613"
dependencies = [
 "jxl-bitstream",
 "jxl-coding",
 "jxl-grid",
 "jxl-threadpool",
 "tracing",
]

[[package]]
name = "jxl-oxide"
version = "0.9.1"
source = "registry+https://github.com/rust-lang/crates.io-index"
checksum = "71f3b9dbe4adefadac57b25a15bf7735202ba58c0e5500c6bfb2d63398bf21c2"
dependencies = [
 "jxl-bitstream",
 "jxl-color",
 "jxl-frame",
 "jxl-grid",
 "jxl-image",
 "jxl-render",
 "jxl-threadpool",
 "tracing",
]

[[package]]
name = "jxl-render"
version = "0.9.1"
source = "registry+https://github.com/rust-lang/crates.io-index"
checksum = "e4259446ca029587f2b7850d223d57b4f69665dd8628e83bcb0a6c2ab964f1ef"
dependencies = [
 "jxl-bitstream",
 "jxl-coding",
 "jxl-color",
 "jxl-frame",
 "jxl-grid",
 "jxl-image",
 "jxl-modular",
 "jxl-threadpool",
 "jxl-vardct",
 "tracing",
]

[[package]]
name = "jxl-threadpool"
version = "0.1.1"
source = "registry+https://github.com/rust-lang/crates.io-index"
checksum = "9d2860c68899a3c6266044fc26c6a0041e9f27145f58cc69b6eedc1b77f5ee13"
dependencies = [
 "rayon",
 "rayon-core",
 "tracing",
]

[[package]]
name = "jxl-vardct"
version = "0.8.0"
source = "registry+https://github.com/rust-lang/crates.io-index"
checksum = "15da4b49b832b3d8a67329f47e2a1732e0847667938bb9b4a37d99a4668775c2"
dependencies = [
 "jxl-bitstream",
 "jxl-coding",
 "jxl-grid",
 "jxl-modular",
 "jxl-threadpool",
 "tracing",
]

[[package]]
name = "jxl-wasm"
version = "1.0.0"
dependencies = [
 "jxl-oxide",
]

[[package]]
name = "once_cell"
version = "1.20.2"
source = "registry+https://github.com/rust-lang/crates.io-index"
checksum = "1261fe7e33c73b354eab43b1273a57c8f967d0391e80353e51f764ac02cf6775"

[[package]]
name = "pin-project-lite"
version = "0.2.15"
source = "registry+https://github.com/rust-lang/crates.io-index"
checksum = "915a1e146535de9163f3987b8944ed8cf49a18bb0056bcebcdcece385cece4ff"

[[package]]
name = "rayon"
version = "1.10.0"
source = "registry+https://github.com/rust-lang/crates.io-index"
checksum = "b418a60154510ca1a002a752ca9714984e21e4241e804d32555251faf8b78ffa"
dependencies = [
 "either",
 "rayon-core",
]

[[package]]
name = "rayon-core"
version = "1.12.1"
source = "registry+https://github.com/rust-lang/crates.io-index"
checksum = "1465873a3dfdaa8ae7cb14b4383657caab0b3e8a0aa9ae8e04b044854c8dfce2"
dependencies = [
 "crossbeam-deque",
 "crossbeam-utils",
]

[[package]]
name = "tracing"
version = "0.1.40"
source = "registry+https://github.com/rust-lang/crates.io-index"
checksum = "c3523ab5a71916ccf420eebdf5521fcef02141234bbc0b8a49f2fdc4544364ef"
dependencies = [
 "pin-project-lite",
 "tracing-core",
]

[[package]]
name = "tracing-core"
version = "0.1.33"
source = "registry+https://github.com/rust-lang/crates.io-index"
checksum = "e672c95779cf947c5311f83787af4fa8fffd12fb27e4993211a84bdfd9610f9c"
dependencies = [
 "once_cell",
]
